PODS:
  - AFNetworking (3.2.1):
    - AFNetworking/NSURLSession (= 3.2.1)
    - AFNetworking/Reachability (= 3.2.1)
    - AFNetworking/Security (= 3.2.1)
    - AFNetworking/Serialization (= 3.2.1)
    - AFNetworking/UIKit (= 3.2.1)
  - AFNetworking/NSURLSession (3.2.1):
    - AFNetworking/Reachability
    - AFNetworking/Security
    - AFNetworking/Serialization
  - AFNetworking/Reachability (3.2.1)
  - AFNetworking/Security (3.2.1)
  - AFNetworking/Serialization (3.2.1)
  - AFNetworking/UIKit (3.2.1):
    - AFNetworking/NSURLSession
  - BaiduMapKit (4.1.1)
  - DWBubbleMenuButton (1.0.1)
  - FCUUID (1.3.1):
    - UICKeyChainStore (~> 2.1.0)
  - FDFullscreenPopGesture (1.1)
  - FLAnimatedImage (1.0.12)
  - FMDB (2.7.5):
    - FMDB/standard (= 2.7.5)
  - FMDB/standard (2.7.5)
  - HMQRCodeScanner (1.0.6)
  - IQKeyboardManager (6.2.0)
  - KILabel (1.0.1)
  - M13ProgressSuite (1.2.9)
  - Masonry (1.1.0)
  - MBProgressHUD (1.1.0)
  - MJExtension (3.0.15.1)
  - MJRefresh (3.1.15.7)
  - MOFSPickerManager (2.1.3)
  - Reachability (3.2)
  - SDCycleScrollView (1.75):
    - SDWebImage (>= 4.0.0)
  - SDWebImage (4.4.5):
    - SDWebImage/Core (= 4.4.5)
  - SDWebImage/Core (4.4.5)
  - SDWebImage/GIF (4.4.5):
    - FLAnimatedImage (~> 1.0)
    - SDWebImage/Core
  - Toast (4.0.0)
  - TZImagePickerController (3.1.9)
  - UICKeyChainStore (2.1.2)
  - UMengAnalytics (4.2.4)
  - UMengUShare/Core (6.4.8.2):
    - UMengUShare/Network
  - UMengUShare/Network (6.4.8.2)
  - UMengUShare/Social/QQ (6.4.8.2):
    - UMengUShare/Core
    - UMengUShare/Social/ReducedQQ
  - UMengUShare/Social/ReducedQQ (6.4.8.2):
    - UMengUShare/Core
  - UMengUShare/Social/ReducedSina (6.4.8.2):
    - UMengUShare/Core
  - UMengUShare/Social/ReducedWeChat (6.4.8.2):
    - UMengUShare/Core
  - UMengUShare/Social/Sina (6.4.8.2):
    - UMengUShare/Core
    - UMengUShare/Social/ReducedSina
  - UMengUShare/UI (6.4.8.2):
    - UMengUShare/Core
  - YYAsyncLayer (1.0)
  - YYCategories (1.0.4):
    - YYCategories/no-arc (= 1.0.4)
  - YYCategories/no-arc (1.0.4)
  - YYImage (1.0.4):
    - YYImage/Core (= 1.0.4)
  - YYImage/Core (1.0.4)
  - YYText (1.0.7)
  - ZFPlayer (2.1.6):
    - Masonry
  - ZJScrollPageView (0.4.0)

DEPENDENCIES:
  - AFNetworking
  - BaiduMapKit (= 4.1.1)
  - DWBubbleMenuButton
  - FCUUID
  - FDFullscreenPopGesture
  - FMDB
  - HMQRCodeScanner
  - IQKeyboardManager
  - KILabel
  - M13ProgressSuite
  - Masonry
  - MBProgressHUD
  - MJExtension
  - MJRefresh
  - MOFSPickerManager
  - Reachability
  - SDCycleScrollView
  - SDWebImage
  - SDWebImage/GIF
  - Toast
  - TZImagePickerController
  - UMengAnalytics
  - UMengUShare/Social/QQ
  - UMengUShare/Social/ReducedWeChat
  - UMengUShare/Social/Sina
  - UMengUShare/UI
  - YYAsyncLayer
  - YYCategories
  - YYImage
  - YYText
  - ZFPlayer (= 2.1.6)
  - ZJScrollPageView

SPEC REPOS:
  https://github.com/cocoapods/specs.git:
    - AFNetworking
    - BaiduMapKit
    - DWBubbleMenuButton
    - FCUUID
    - FDFullscreenPopGesture
    - FLAnimatedImage
    - FMDB
    - HMQRCodeScanner
    - IQKeyboardManager
    - KILabel
    - M13ProgressSuite
    - Masonry
    - MBProgressHUD
    - MJExtension
    - MJRefresh
    - MOFSPickerManager
    - Reachability
    - SDCycleScrollView
    - SDWebImage
    - Toast
    - TZImagePickerController
    - UICKeyChainStore
    - UMengAnalytics
    - UMengUShare
    - YYAsyncLayer
    - YYCategories
    - YYImage
    - YYText
    - ZFPlayer
    - ZJScrollPageView

SPEC CHECKSUMS:
  AFNetworking: b6f891fdfaed196b46c7a83cf209e09697b94057
  BaiduMapKit: 51bba432a28316680676b4d453a70e5031f3a7eb
  DWBubbleMenuButton: 4d9bdbb9d662bdf65c93ceb7fc65901871143d1e
  FCUUID: bb054fc90cd7cd99320f9f6ff8e130fe607fba05
  FDFullscreenPopGesture: a8a620179e3d9c40e8e00256dcee1c1a27c6d0f0
  FLAnimatedImage: 4a0b56255d9b05f18b6dd7ee06871be5d3b89e31
  FMDB: 2ce00b547f966261cd18927a3ddb07cb6f3db82a
  HMQRCodeScanner: 8db2d317c0e5cbe3b4709fe2b9f26c107d66554e
  IQKeyboardManager: 6194101620b73af5e67900b8f89707a99de0b804
  KILabel: 4797807cdc0b4992dad8bf91175ddc973c3b569b
  M13ProgressSuite: ea9f7263e73e9215e6849dfa54e29ee0ad6a145c
  Masonry: 678fab65091a9290e40e2832a55e7ab731aad201
  MBProgressHUD: e7baa36a220447d8aeb12769bf0585582f3866d9
  MJExtension: 19bc33ce2eee2d319760f5622562cf581a6ff756
  MJRefresh: 697f8ec75ebdbe9207767bb682cf0f51b0d8a41f
  MOFSPickerManager: 6efc539fec50b01cf525f429abe60dad05a87b1a
  Reachability: 33e18b67625424e47b6cde6d202dce689ad7af96
  SDCycleScrollView: 884b88f0266dd4708a0e1934975c69cb971707b1
  SDWebImage: ecc03494e973b93b80213649d32175f8d2d17d4d
  Toast: 91b396c56ee72a5790816f40d3a94dd357abc196
  TZImagePickerController: c3f7c505d23281e21e98df6dbeae372946caa28f
  UICKeyChainStore: 85db518bb1d294366d15ec9b92a416c4e670518f
  UMengAnalytics: ef8d45f94c0e5771dc364cf6a5731d9d3b101da2
  UMengUShare: 370d180101e13ee0227ae657ab119ba97243d2b3
  YYAsyncLayer: df6b01ebc695c5f6b4c15dd5c23fa3e081eb25c0
  YYCategories: 6bcd4314c6661a561410dce4a793379ebd306abd
  YYImage: 1e1b62a9997399593e4b9c4ecfbbabbf1d3f3b54
  YYText: 5c461d709e24d55a182d1441c41dc639a18a4849
  ZFPlayer: 833cb3974b619bfd01a0ec1ebaabfe6f629e85b4
  ZJScrollPageView: dd8778909cb2413782616ab156e873956f6b0682

PODFILE CHECKSUM: eb944b8090833ced99eac8c062404fd534cd2707

COCOAPODS: 1.6.0.beta.2
