// !$*UTF8*$!
{
	archiveVersion = 1;
	classes = {
	};
	objectVersion = 46;
	objects = {

/* Begin PBXBuildFile section */
		9D096A9EB3628B9B62899D89 /* libPods-PLMMPRJK.a in Frameworks */ = {isa = PBXBuildFile; fileRef = D2B5A00A7EA66C6B63CA6966 /* libPods-PLMMPRJK.a */; };
		E782120E1E8BB5ED00258845 /* LMJHomeViewController.m in Sources */ = {isa = PBXBuildFile; fileRef = E78212091E8BB5ED00258845 /* LMJHomeViewController.m */; };
		E78212171E8CD75F00258845 /* LMJMeViewController.m in Sources */ = {isa = PBXBuildFile; fileRef = E78212161E8CD75F00258845 /* LMJMeViewController.m */; };
		E7D0E05A1E8B9DCB001E4585 /* PLMMPRJK.xcdatamodeld in Sources */ = {isa = PBXBuildFile; fileRef = E7D0E0581E8B9DCB001E4585 /* PLMMPRJK.xcdatamodeld */; };
		E7D0E05C1E8B9DCB001E4585 /* Assets.xcassets in Resources */ = {isa = PBXBuildFile; fileRef = E7D0E05B1E8B9DCB001E4585 /* Assets.xcassets */; };
		E7D0E05F1E8B9DCB001E4585 /* LaunchScreen.storyboard in Resources */ = {isa = PBXBuildFile; fileRef = E7D0E05D1E8B9DCB001E4585 /* LaunchScreen.storyboard */; };
		E7D0E06A1E8B9DCB001E4585 /* PLMMPRJKTests.m in Sources */ = {isa = PBXBuildFile; fileRef = E7D0E0691E8B9DCB001E4585 /* PLMMPRJKTests.m */; };
		E7D0E0751E8B9DCB001E4585 /* PLMMPRJKUITests.m in Sources */ = {isa = PBXBuildFile; fileRef = E7D0E0741E8B9DCB001E4585 /* PLMMPRJKUITests.m */; };
		E7D0E0881E8B9F41001E4585 /* LMJAppDelegate.m in Sources */ = {isa = PBXBuildFile; fileRef = E7D0E0861E8B9F41001E4585 /* LMJAppDelegate.m */; };
		E7D0E0891E8B9F41001E4585 /* main.m in Sources */ = {isa = PBXBuildFile; fileRef = E7D0E0871E8B9F41001E4585 /* main.m */; };
		E7D0E08D1E8B9F7D001E4585 /* LMJBaseViewController.m in Sources */ = {isa = PBXBuildFile; fileRef = E7D0E08C1E8B9F7D001E4585 /* LMJBaseViewController.m */; };
/* End PBXBuildFile section */

/* Begin PBXContainerItemProxy section */
		E7D0E0661E8B9DCB001E4585 /* PBXContainerItemProxy */ = {
			isa = PBXContainerItemProxy;
			containerPortal = E7D0E0411E8B9DCA001E4585 /* Project object */;
			proxyType = 1;
			remoteGlobalIDString = E7D0E0481E8B9DCA001E4585;
			remoteInfo = PLMMPRJK;
		};
		E7D0E0711E8B9DCB001E4585 /* PBXContainerItemProxy */ = {
			isa = PBXContainerItemProxy;
			containerPortal = E7D0E0411E8B9DCA001E4585 /* Project object */;
			proxyType = 1;
			remoteGlobalIDString = E7D0E0481E8B9DCA001E4585;
			remoteInfo = PLMMPRJK;
		};
/* End PBXContainerItemProxy section */

/* Begin PBXFileReference section */
		23E10B7ADDCDC21B761F123C /* Pods-PLMMPRJK.release.xcconfig */ = {isa = PBXFileReference; includeInIndex = 1; lastKnownFileType = text.xcconfig; name = "Pods-PLMMPRJK.release.xcconfig"; path = "Pods/Target Support Files/Pods-PLMMPRJK/Pods-PLMMPRJK.release.xcconfig"; sourceTree = "<group>"; };
		D2B5A00A7EA66C6B63CA6966 /* libPods-PLMMPRJK.a */ = {isa = PBXFileReference; explicitFileType = archive.ar; includeInIndex = 0; path = "libPods-PLMMPRJK.a"; sourceTree = BUILT_PRODUCTS_DIR; };
		E78212081E8BB5ED00258845 /* LMJHomeViewController.h */ = {isa = PBXFileReference; fileEncoding = 4; lastKnownFileType = sourcecode.c.h; path = LMJHomeViewController.h; sourceTree = "<group>"; };
		E78212091E8BB5ED00258845 /* LMJHomeViewController.m */ = {isa = PBXFileReference; fileEncoding = 4; lastKnownFileType = sourcecode.c.objc; path = LMJHomeViewController.m; sourceTree = "<group>"; };
		E78212151E8CD75F00258845 /* LMJMeViewController.h */ = {isa = PBXFileReference; fileEncoding = 4; lastKnownFileType = sourcecode.c.h; path = LMJMeViewController.h; sourceTree = "<group>"; };
		E78212161E8CD75F00258845 /* LMJMeViewController.m */ = {isa = PBXFileReference; fileEncoding = 4; lastKnownFileType = sourcecode.c.objc; path = LMJMeViewController.m; sourceTree = "<group>"; };
		E7D0E0491E8B9DCA001E4585 /* PLMMPRJK.app */ = {isa = PBXFileReference; explicitFileType = wrapper.application; includeInIndex = 0; path = PLMMPRJK.app; sourceTree = BUILT_PRODUCTS_DIR; };
		E7D0E0591E8B9DCB001E4585 /* PLMMPRJK.xcdatamodel */ = {isa = PBXFileReference; lastKnownFileType = wrapper.xcdatamodel; path = PLMMPRJK.xcdatamodel; sourceTree = "<group>"; };
		E7D0E05B1E8B9DCB001E4585 /* Assets.xcassets */ = {isa = PBXFileReference; lastKnownFileType = folder.assetcatalog; path = Assets.xcassets; sourceTree = "<group>"; };
		E7D0E05E1E8B9DCB001E4585 /* Base */ = {isa = PBXFileReference; lastKnownFileType = file.storyboard; name = Base; path = Base.lproj/LaunchScreen.storyboard; sourceTree = "<group>"; };
		E7D0E0601E8B9DCB001E4585 /* Info.plist */ = {isa = PBXFileReference; lastKnownFileType = text.plist.xml; path = Info.plist; sourceTree = "<group>"; };
		E7D0E0651E8B9DCB001E4585 /* PLMMPRJKTests.xctest */ = {isa = PBXFileReference; explicitFileType = wrapper.cfbundle; includeInIndex = 0; path = PLMMPRJKTests.xctest; sourceTree = BUILT_PRODUCTS_DIR; };
		E7D0E0691E8B9DCB001E4585 /* PLMMPRJKTests.m */ = {isa = PBXFileReference; lastKnownFileType = sourcecode.c.objc; path = PLMMPRJKTests.m; sourceTree = "<group>"; };
		E7D0E06B1E8B9DCB001E4585 /* Info.plist */ = {isa = PBXFileReference; lastKnownFileType = text.plist.xml; path = Info.plist; sourceTree = "<group>"; };
		E7D0E0701E8B9DCB001E4585 /* PLMMPRJKUITests.xctest */ = {isa = PBXFileReference; explicitFileType = wrapper.cfbundle; includeInIndex = 0; path = PLMMPRJKUITests.xctest; sourceTree = BUILT_PRODUCTS_DIR; };
		E7D0E0741E8B9DCB001E4585 /* PLMMPRJKUITests.m */ = {isa = PBXFileReference; lastKnownFileType = sourcecode.c.objc; path = PLMMPRJKUITests.m; sourceTree = "<group>"; };
		E7D0E0761E8B9DCB001E4585 /* Info.plist */ = {isa = PBXFileReference; lastKnownFileType = text.plist.xml; path = Info.plist; sourceTree = "<group>"; };
		E7D0E0851E8B9F41001E4585 /* LMJAppDelegate.h */ = {isa = PBXFileReference; fileEncoding = 4; lastKnownFileType = sourcecode.c.h; path = LMJAppDelegate.h; sourceTree = "<group>"; };
		E7D0E0861E8B9F41001E4585 /* LMJAppDelegate.m */ = {isa = PBXFileReference; fileEncoding = 4; lastKnownFileType = sourcecode.c.objc; path = LMJAppDelegate.m; sourceTree = "<group>"; };
		E7D0E0871E8B9F41001E4585 /* main.m */ = {isa = PBXFileReference; fileEncoding = 4; lastKnownFileType = sourcecode.c.objc; path = main.m; sourceTree = "<group>"; };
		E7D0E08B1E8B9F7D001E4585 /* LMJBaseViewController.h */ = {isa = PBXFileReference; fileEncoding = 4; lastKnownFileType = sourcecode.c.h; path = LMJBaseViewController.h; sourceTree = "<group>"; };
		E7D0E08C1E8B9F7D001E4585 /* LMJBaseViewController.m */ = {isa = PBXFileReference; fileEncoding = 4; lastKnownFileType = sourcecode.c.objc; path = LMJBaseViewController.m; sourceTree = "<group>"; };
		F3EB25B4106095BF9996A7E1 /* Pods-PLMMPRJK.debug.xcconfig */ = {isa = PBXFileReference; includeInIndex = 1; lastKnownFileType = text.xcconfig; name = "Pods-PLMMPRJK.debug.xcconfig"; path = "Pods/Target Support Files/Pods-PLMMPRJK/Pods-PLMMPRJK.debug.xcconfig"; sourceTree = "<group>"; };
/* End PBXFileReference section */

/* Begin PBXFrameworksBuildPhase section */
		E7D0E0461E8B9DCA001E4585 /* Frameworks */ = {
			isa = PBXFrameworksBuildPhase;
			buildActionMask = 2147483647;
			files = (
				9D096A9EB3628B9B62899D89 /* libPods-PLMMPRJK.a in Frameworks */,
			);
			runOnlyForDeploymentPostprocessing = 0;
		};
		E7D0E0621E8B9DCB001E4585 /* Frameworks */ = {
			isa = PBXFrameworksBuildPhase;
			buildActionMask = 2147483647;
			files = (
			);
			runOnlyForDeploymentPostprocessing = 0;
		};
		E7D0E06D1E8B9DCB001E4585 /* Frameworks */ = {
			isa = PBXFrameworksBuildPhase;
			buildActionMask = 2147483647;
			files = (
			);
			runOnlyForDeploymentPostprocessing = 0;
		};
/* End PBXFrameworksBuildPhase section */

/* Begin PBXGroup section */
		79F866E3BAD80F021129F8EF /* Pods */ = {
			isa = PBXGroup;
			children = (
				F3EB25B4106095BF9996A7E1 /* Pods-PLMMPRJK.debug.xcconfig */,
				23E10B7ADDCDC21B761F123C /* Pods-PLMMPRJK.release.xcconfig */,
			);
			name = Pods;
			sourceTree = "<group>";
		};
		AE243CE87CE32DA5EDBEB4B4 /* Frameworks */ = {
			isa = PBXGroup;
			children = (
				D2B5A00A7EA66C6B63CA6966 /* libPods-PLMMPRJK.a */,
			);
			name = Frameworks;
			sourceTree = "<group>";
		};
		E78212071E8BB5ED00258845 /* Controller */ = {
			isa = PBXGroup;
			children = (
				E78212081E8BB5ED00258845 /* LMJHomeViewController.h */,
				E78212091E8BB5ED00258845 /* LMJHomeViewController.m */,
			);
			path = Controller;
			sourceTree = "<group>";
		};
		E782120A1E8BB5ED00258845 /* Model */ = {
			isa = PBXGroup;
			children = (
			);
			path = Model;
			sourceTree = "<group>";
		};
		E782120B1E8BB5ED00258845 /* Other */ = {
			isa = PBXGroup;
			children = (
			);
			path = Other;
			sourceTree = "<group>";
		};
		E782120C1E8BB5ED00258845 /* Service */ = {
			isa = PBXGroup;
			children = (
			);
			path = Service;
			sourceTree = "<group>";
		};
		E782120D1E8BB5ED00258845 /* View */ = {
			isa = PBXGroup;
			children = (
			);
			path = View;
			sourceTree = "<group>";
		};
		E782120F1E8CD75400258845 /* Me */ = {
			isa = PBXGroup;
			children = (
				E78212101E8CD75400258845 /* Controller */,
				E78212111E8CD75400258845 /* Model */,
				E78212121E8CD75400258845 /* Other */,
				E78212131E8CD75400258845 /* Service */,
				E78212141E8CD75400258845 /* View */,
			);
			path = Me;
			sourceTree = "<group>";
		};
		E78212101E8CD75400258845 /* Controller */ = {
			isa = PBXGroup;
			children = (
				E78212151E8CD75F00258845 /* LMJMeViewController.h */,
				E78212161E8CD75F00258845 /* LMJMeViewController.m */,
			);
			path = Controller;
			sourceTree = "<group>";
		};
		E78212111E8CD75400258845 /* Model */ = {
			isa = PBXGroup;
			children = (
			);
			path = Model;
			sourceTree = "<group>";
		};
		E78212121E8CD75400258845 /* Other */ = {
			isa = PBXGroup;
			children = (
			);
			path = Other;
			sourceTree = "<group>";
		};
		E78212131E8CD75400258845 /* Service */ = {
			isa = PBXGroup;
			children = (
			);
			path = Service;
			sourceTree = "<group>";
		};
		E78212141E8CD75400258845 /* View */ = {
			isa = PBXGroup;
			children = (
			);
			path = View;
			sourceTree = "<group>";
		};
		E7D0E0401E8B9DCA001E4585 = {
			isa = PBXGroup;
			children = (
				E7D0E04B1E8B9DCA001E4585 /* PLMMPRJK */,
				E7D0E0681E8B9DCB001E4585 /* PLMMPRJKTests */,
				E7D0E0731E8B9DCB001E4585 /* PLMMPRJKUITests */,
				E7D0E04A1E8B9DCA001E4585 /* Products */,
				79F866E3BAD80F021129F8EF /* Pods */,
				AE243CE87CE32DA5EDBEB4B4 /* Frameworks */,
			);
			sourceTree = "<group>";
		};
		E7D0E04A1E8B9DCA001E4585 /* Products */ = {
			isa = PBXGroup;
			children = (
				E7D0E0491E8B9DCA001E4585 /* PLMMPRJK.app */,
				E7D0E0651E8B9DCB001E4585 /* PLMMPRJKTests.xctest */,
				E7D0E0701E8B9DCB001E4585 /* PLMMPRJKUITests.xctest */,
			);
			name = Products;
			sourceTree = "<group>";
		};
		E7D0E04B1E8B9DCA001E4585 /* PLMMPRJK */ = {
			isa = PBXGroup;
			children = (
				E7D0E0821E8B9F41001E4585 /* Classes */,
				E7D0E05B1E8B9DCB001E4585 /* Assets.xcassets */,
				E7D0E05D1E8B9DCB001E4585 /* LaunchScreen.storyboard */,
				E7D0E0601E8B9DCB001E4585 /* Info.plist */,
				E7D0E0581E8B9DCB001E4585 /* PLMMPRJK.xcdatamodeld */,
			);
			path = PLMMPRJK;
			sourceTree = "<group>";
		};
		E7D0E0681E8B9DCB001E4585 /* PLMMPRJKTests */ = {
			isa = PBXGroup;
			children = (
				E7D0E0691E8B9DCB001E4585 /* PLMMPRJKTests.m */,
				E7D0E06B1E8B9DCB001E4585 /* Info.plist */,
			);
			path = PLMMPRJKTests;
			sourceTree = "<group>";
		};
		E7D0E0731E8B9DCB001E4585 /* PLMMPRJKUITests */ = {
			isa = PBXGroup;
			children = (
				E7D0E0741E8B9DCB001E4585 /* PLMMPRJKUITests.m */,
				E7D0E0761E8B9DCB001E4585 /* Info.plist */,
			);
			path = PLMMPRJKUITests;
			sourceTree = "<group>";
		};
		E7D0E0821E8B9F41001E4585 /* Classes */ = {
			isa = PBXGroup;
			children = (
				E782120F1E8CD75400258845 /* Me */,
				E7D0E08A1E8B9F6D001E4585 /* LMJBase */,
				E7D0E0831E8B9F41001E4585 /* Home */,
				E7D0E0841E8B9F41001E4585 /* System */,
			);
			path = Classes;
			sourceTree = "<group>";
		};
		E7D0E0831E8B9F41001E4585 /* Home */ = {
			isa = PBXGroup;
			children = (
				E78212071E8BB5ED00258845 /* Controller */,
				E782120A1E8BB5ED00258845 /* Model */,
				E782120B1E8BB5ED00258845 /* Other */,
				E782120C1E8BB5ED00258845 /* Service */,
				E782120D1E8BB5ED00258845 /* View */,
			);
			path = Home;
			sourceTree = "<group>";
		};
		E7D0E0841E8B9F41001E4585 /* System */ = {
			isa = PBXGroup;
			children = (
				E7D0E0851E8B9F41001E4585 /* LMJAppDelegate.h */,
				E7D0E0861E8B9F41001E4585 /* LMJAppDelegate.m */,
				E7D0E0871E8B9F41001E4585 /* main.m */,
			);
			path = System;
			sourceTree = "<group>";
		};
		E7D0E08A1E8B9F6D001E4585 /* LMJBase */ = {
			isa = PBXGroup;
			children = (
				E7D0E08B1E8B9F7D001E4585 /* LMJBaseViewController.h */,
				E7D0E08C1E8B9F7D001E4585 /* LMJBaseViewController.m */,
			);
			path = LMJBase;
			sourceTree = "<group>";
		};
/* End PBXGroup section */

/* Begin PBXNativeTarget section */
		E7D0E0481E8B9DCA001E4585 /* PLMMPRJK */ = {
			isa = PBXNativeTarget;
			buildConfigurationList = E7D0E0791E8B9DCB001E4585 /* Build configuration list for PBXNativeTarget "PLMMPRJK" */;
			buildPhases = (
				12E828A68402C82C0D24C514 /* [CP] Check Pods Manifest.lock */,
				E7D0E0451E8B9DCA001E4585 /* Sources */,
				E7D0E0461E8B9DCA001E4585 /* Frameworks */,
				E7D0E0471E8B9DCA001E4585 /* Resources */,
				2F5200203228B7DEE2AE1850 /* [CP] Embed Pods Frameworks */,
				0A44BCFAE0EB613CC460914E /* [CP] Copy Pods Resources */,
			);
			buildRules = (
			);
			dependencies = (
			);
			name = PLMMPRJK;
			productName = PLMMPRJK;
			productReference = E7D0E0491E8B9DCA001E4585 /* PLMMPRJK.app */;
			productType = "com.apple.product-type.application";
		};
		E7D0E0641E8B9DCB001E4585 /* PLMMPRJKTests */ = {
			isa = PBXNativeTarget;
			buildConfigurationList = E7D0E07C1E8B9DCB001E4585 /* Build configuration list for PBXNativeTarget "PLMMPRJKTests" */;
			buildPhases = (
				E7D0E0611E8B9DCB001E4585 /* Sources */,
				E7D0E0621E8B9DCB001E4585 /* Frameworks */,
				E7D0E0631E8B9DCB001E4585 /* Resources */,
			);
			buildRules = (
			);
			dependencies = (
				E7D0E0671E8B9DCB001E4585 /* PBXTargetDependency */,
			);
			name = PLMMPRJKTests;
			productName = PLMMPRJKTests;
			productReference = E7D0E0651E8B9DCB001E4585 /* PLMMPRJKTests.xctest */;
			productType = "com.apple.product-type.bundle.unit-test";
		};
		E7D0E06F1E8B9DCB001E4585 /* PLMMPRJKUITests */ = {
			isa = PBXNativeTarget;
			buildConfigurationList = E7D0E07F1E8B9DCB001E4585 /* Build configuration list for PBXNativeTarget "PLMMPRJKUITests" */;
			buildPhases = (
				E7D0E06C1E8B9DCB001E4585 /* Sources */,
				E7D0E06D1E8B9DCB001E4585 /* Frameworks */,
				E7D0E06E1E8B9DCB001E4585 /* Resources */,
			);
			buildRules = (
			);
			dependencies = (
				E7D0E0721E8B9DCB001E4585 /* PBXTargetDependency */,
			);
			name = PLMMPRJKUITests;
			productName = PLMMPRJKUITests;
			productReference = E7D0E0701E8B9DCB001E4585 /* PLMMPRJKUITests.xctest */;
			productType = "com.apple.product-type.bundle.ui-testing";
		};
/* End PBXNativeTarget section */

/* Begin PBXProject section */
		E7D0E0411E8B9DCA001E4585 /* Project object */ = {
			isa = PBXProject;
			attributes = {
				CLASSPREFIX = LMJ;
				LastUpgradeCheck = 0820;
				ORGANIZATIONNAME = GoMePrjk;
				TargetAttributes = {
					E7D0E0481E8B9DCA001E4585 = {
						CreatedOnToolsVersion = 8.2.1;
						DevelopmentTeam = EH8D228RS6;
						ProvisioningStyle = Automatic;
					};
					E7D0E0641E8B9DCB001E4585 = {
						CreatedOnToolsVersion = 8.2.1;
						DevelopmentTeam = EH8D228RS6;
						ProvisioningStyle = Automatic;
						TestTargetID = E7D0E0481E8B9DCA001E4585;
					};
					E7D0E06F1E8B9DCB001E4585 = {
						CreatedOnToolsVersion = 8.2.1;
						DevelopmentTeam = EH8D228RS6;
						ProvisioningStyle = Automatic;
						TestTargetID = E7D0E0481E8B9DCA001E4585;
					};
				};
			};
			buildConfigurationList = E7D0E0441E8B9DCA001E4585 /* Build configuration list for PBXProject "PLMMPRJK" */;
			compatibilityVersion = "Xcode 3.2";
			developmentRegion = English;
			hasScannedForEncodings = 0;
			knownRegions = (
				en,
				Base,
			);
			mainGroup = E7D0E0401E8B9DCA001E4585;
			productRefGroup = E7D0E04A1E8B9DCA001E4585 /* Products */;
			projectDirPath = "";
			projectRoot = "";
			targets = (
				E7D0E0481E8B9DCA001E4585 /* PLMMPRJK */,
				E7D0E0641E8B9DCB001E4585 /* PLMMPRJKTests */,
				E7D0E06F1E8B9DCB001E4585 /* PLMMPRJKUITests */,
			);
		};
/* End PBXProject section */

/* Begin PBXResourcesBuildPhase section */
		E7D0E0471E8B9DCA001E4585 /* Resources */ = {
			isa = PBXResourcesBuildPhase;
			buildActionMask = 2147483647;
			files = (
				E7D0E05F1E8B9DCB001E4585 /* LaunchScreen.storyboard in Resources */,
				E7D0E05C1E8B9DCB001E4585 /* Assets.xcassets in Resources */,
			);
			runOnlyForDeploymentPostprocessing = 0;
		};
		E7D0E0631E8B9DCB001E4585 /* Resources */ = {
			isa = PBXResourcesBuildPhase;
			buildActionMask = 2147483647;
			files = (
			);
			runOnlyForDeploymentPostprocessing = 0;
		};
		E7D0E06E1E8B9DCB001E4585 /* Resources */ = {
			isa = PBXResourcesBuildPhase;
			buildActionMask = 2147483647;
			files = (
			);
			runOnlyForDeploymentPostprocessing = 0;
		};
/* End PBXResourcesBuildPhase section */

/* Begin PBXShellScriptBuildPhase section */
		0A44BCFAE0EB613CC460914E /* [CP] Copy Pods Resources */ = {
			isa = PBXShellScriptBuildPhase;
			buildActionMask = 2147483647;
			files = (
			);
			inputPaths = (
			);
			name = "[CP] Copy Pods Resources";
			outputPaths = (
			);
			runOnlyForDeploymentPostprocessing = 0;
			shellPath = /bin/sh;
			shellScript = "\"${SRCROOT}/Pods/Target Support Files/Pods-PLMMPRJK/Pods-PLMMPRJK-resources.sh\"\n";
			showEnvVarsInLog = 0;
		};
		12E828A68402C82C0D24C514 /* [CP] Check Pods Manifest.lock */ = {
			isa = PBXShellScriptBuildPhase;
			buildActionMask = 2147483647;
			files = (
			);
			inputPaths = (
			);
			name = "[CP] Check Pods Manifest.lock";
			outputPaths = (
			);
			runOnlyForDeploymentPostprocessing = 0;
			shellPath = /bin/sh;
			shellScript = "diff \"${PODS_ROOT}/../Podfile.lock\" \"${PODS_ROOT}/Manifest.lock\" > /dev/null\nif [[ $? != 0 ]] ; then\n    cat << EOM\nerror: The sandbox is not in sync with the Podfile.lock. Run 'pod install' or update your CocoaPods installation.\nEOM\n    exit 1\nfi\n";
			showEnvVarsInLog = 0;
		};
		2F5200203228B7DEE2AE1850 /* [CP] Embed Pods Frameworks */ = {
			isa = PBXShellScriptBuildPhase;
			buildActionMask = 2147483647;
			files = (
			);
			inputPaths = (
			);
			name = "[CP] Embed Pods Frameworks";
			outputPaths = (
			);
			runOnlyForDeploymentPostprocessing = 0;
			shellPath = /bin/sh;
			shellScript = "\"${SRCROOT}/Pods/Target Support Files/Pods-PLMMPRJK/Pods-PLMMPRJK-frameworks.sh\"\n";
			showEnvVarsInLog = 0;
		};
/* End PBXShellScriptBuildPhase section */

/* Begin PBXSourcesBuildPhase section */
		E7D0E0451E8B9DCA001E4585 /* Sources */ = {
			isa = PBXSourcesBuildPhase;
			buildActionMask = 2147483647;
			files = (
				E7D0E0881E8B9F41001E4585 /* LMJAppDelegate.m in Sources */,
				E7D0E0891E8B9F41001E4585 /* main.m in Sources */,
				E78212171E8CD75F00258845 /* LMJMeViewController.m in Sources */,
				E7D0E05A1E8B9DCB001E4585 /* PLMMPRJK.xcdatamodeld in Sources */,
				E782120E1E8BB5ED00258845 /* LMJHomeViewController.m in Sources */,
				E7D0E08D1E8B9F7D001E4585 /* LMJBaseViewController.m in Sources */,
			);
			runOnlyForDeploymentPostprocessing = 0;
		};
		E7D0E0611E8B9DCB001E4585 /* Sources */ = {
			isa = PBXSourcesBuildPhase;
			buildActionMask = 2147483647;
			files = (
				E7D0E06A1E8B9DCB001E4585 /* PLMMPRJKTests.m in Sources */,
			);
			runOnlyForDeploymentPostprocessing = 0;
		};
		E7D0E06C1E8B9DCB001E4585 /* Sources */ = {
			isa = PBXSourcesBuildPhase;
			buildActionMask = 2147483647;
			files = (
				E7D0E0751E8B9DCB001E4585 /* PLMMPRJKUITests.m in Sources */,
			);
			runOnlyForDeploymentPostprocessing = 0;
		};
/* End PBXSourcesBuildPhase section */

/* Begin PBXTargetDependency section */
		E7D0E0671E8B9DCB001E4585 /* PBXTargetDependency */ = {
			isa = PBXTargetDependency;
			target = E7D0E0481E8B9DCA001E4585 /* PLMMPRJK */;
			targetProxy = E7D0E0661E8B9DCB001E4585 /* PBXContainerItemProxy */;
		};
		E7D0E0721E8B9DCB001E4585 /* PBXTargetDependency */ = {
			isa = PBXTargetDependency;
			target = E7D0E0481E8B9DCA001E4585 /* PLMMPRJK */;
			targetProxy = E7D0E0711E8B9DCB001E4585 /* PBXContainerItemProxy */;
		};
/* End PBXTargetDependency section */

/* Begin PBXVariantGroup section */
		E7D0E05D1E8B9DCB001E4585 /* LaunchScreen.storyboard */ = {
			isa = PBXVariantGroup;
			children = (
				E7D0E05E1E8B9DCB001E4585 /* Base */,
			);
			name = LaunchScreen.storyboard;
			sourceTree = "<group>";
		};
/* End PBXVariantGroup section */

/* Begin XCBuildConfiguration section */
		E7D0E0771E8B9DCB001E4585 /* Debug */ = {
			isa = XCBuildConfiguration;
			buildSettings = {
				ALWAYS_SEARCH_USER_PATHS = NO;
				CLANG_ANALYZER_NONNULL = YES;
				CLANG_CXX_LANGUAGE_STANDARD = "gnu++0x";
				CLANG_CXX_LIBRARY = "libc++";
				CLANG_ENABLE_MODULES = YES;
				CLANG_ENABLE_OBJC_ARC = YES;
				CLANG_WARN_BOOL_CONVERSION = YES;
				CLANG_WARN_CONSTANT_CONVERSION = YES;
				CLANG_WARN_DIRECT_OBJC_ISA_USAGE = YES_ERROR;
				CLANG_WARN_DOCUMENTATION_COMMENTS = YES;
				CLANG_WARN_EMPTY_BODY = YES;
				CLANG_WARN_ENUM_CONVERSION = YES;
				CLANG_WARN_INFINITE_RECURSION = YES;
				CLANG_WARN_INT_CONVERSION = YES;
				CLANG_WARN_OBJC_ROOT_CLASS = YES_ERROR;
				CLANG_WARN_SUSPICIOUS_MOVE = YES;
				CLANG_WARN_UNREACHABLE_CODE = YES;
				CLANG_WARN__DUPLICATE_METHOD_MATCH = YES;
				"CODE_SIGN_IDENTITY[sdk=iphoneos*]" = "iPhone Developer";
				COPY_PHASE_STRIP = NO;
				DEBUG_INFORMATION_FORMAT = dwarf;
				ENABLE_STRICT_OBJC_MSGSEND = YES;
				ENABLE_TESTABILITY = YES;
				GCC_C_LANGUAGE_STANDARD = gnu99;
				GCC_DYNAMIC_NO_PIC = NO;
				GCC_NO_COMMON_BLOCKS = YES;
				GCC_OPTIMIZATION_LEVEL = 0;
				GCC_PREPROCESSOR_DEFINITIONS = (
					"DEBUG=1",
					"$(inherited)",
				);
				GCC_WARN_64_TO_32_BIT_CONVERSION = YES;
				GCC_WARN_ABOUT_RETURN_TYPE = YES_ERROR;
				GCC_WARN_UNDECLARED_SELECTOR = YES;
				GCC_WARN_UNINITIALIZED_AUTOS = YES_AGGRESSIVE;
				GCC_WARN_UNUSED_FUNCTION = YES;
				GCC_WARN_UNUSED_VARIABLE = YES;
				IPHONEOS_DEPLOYMENT_TARGET = 9.0;
				MTL_ENABLE_DEBUG_INFO = YES;
				ONLY_ACTIVE_ARCH = YES;
				SDKROOT = iphoneos;
			};
			name = Debug;
		};
		E7D0E0781E8B9DCB001E4585 /* Release */ = {
			isa = XCBuildConfiguration;
			buildSettings = {
				ALWAYS_SEARCH_USER_PATHS = NO;
				CLANG_ANALYZER_NONNULL = YES;
				CLANG_CXX_LANGUAGE_STANDARD = "gnu++0x";
				CLANG_CXX_LIBRARY = "libc++";
				CLANG_ENABLE_MODULES = YES;
				CLANG_ENABLE_OBJC_ARC = YES;
				CLANG_WARN_BOOL_CONVERSION = YES;
				CLANG_WARN_CONSTANT_CONVERSION = YES;
				CLANG_WARN_DIRECT_OBJC_ISA_USAGE = YES_ERROR;
				CLANG_WARN_DOCUMENTATION_COMMENTS = YES;
				CLANG_WARN_EMPTY_BODY = YES;
				CLANG_WARN_ENUM_CONVERSION = YES;
				CLANG_WARN_INFINITE_RECURSION = YES;
				CLANG_WARN_INT_CONVERSION = YES;
				CLANG_WARN_OBJC_ROOT_CLASS = YES_ERROR;
				CLANG_WARN_SUSPICIOUS_MOVE = YES;
				CLANG_WARN_UNREACHABLE_CODE = YES;
				CLANG_WARN__DUPLICATE_METHOD_MATCH = YES;
				"CODE_SIGN_IDENTITY[sdk=iphoneos*]" = "iPhone Developer";
				COPY_PHASE_STRIP = NO;
				DEBUG_INFORMATION_FORMAT = "dwarf-with-dsym";
				ENABLE_NS_ASSERTIONS = NO;
				ENABLE_STRICT_OBJC_MSGSEND = YES;
				GCC_C_LANGUAGE_STANDARD = gnu99;
				GCC_NO_COMMON_BLOCKS = YES;
				GCC_WARN_64_TO_32_BIT_CONVERSION = YES;
				GCC_WARN_ABOUT_RETURN_TYPE = YES_ERROR;
				GCC_WARN_UNDECLARED_SELECTOR = YES;
				GCC_WARN_UNINITIALIZED_AUTOS = YES_AGGRESSIVE;
				GCC_WARN_UNUSED_FUNCTION = YES;
				GCC_WARN_UNUSED_VARIABLE = YES;
				IPHONEOS_DEPLOYMENT_TARGET = 9.0;
				MTL_ENABLE_DEBUG_INFO = NO;
				SDKROOT = iphoneos;
				VALIDATE_PRODUCT = YES;
			};
			name = Release;
		};
		E7D0E07A1E8B9DCB001E4585 /* Debug */ = {
			isa = XCBuildConfiguration;
			baseConfigurationReference = F3EB25B4106095BF9996A7E1 /* Pods-PLMMPRJK.debug.xcconfig */;
			buildSettings = {
				ASSETCATALOG_COMPILER_APPICON_NAME = AppIcon;
				DEVELOPMENT_TEAM = EH8D228RS6;
				INFOPLIST_FILE = PLMMPRJK/Info.plist;
				IPHONEOS_DEPLOYMENT_TARGET = 9.0;
				LD_RUNPATH_SEARCH_PATHS = "$(inherited) @executable_path/Frameworks";
				PRODUCT_BUNDLE_IDENTIFIER = cn.com.www.eagleholdings.PLMMPRJK;
				PRODUCT_NAME = "$(TARGET_NAME)";
			};
			name = Debug;
		};
		E7D0E07B1E8B9DCB001E4585 /* Release */ = {
			isa = XCBuildConfiguration;
			baseConfigurationReference = 23E10B7ADDCDC21B761F123C /* Pods-PLMMPRJK.release.xcconfig */;
			buildSettings = {
				ASSETCATALOG_COMPILER_APPICON_NAME = AppIcon;
				DEVELOPMENT_TEAM = EH8D228RS6;
				INFOPLIST_FILE = PLMMPRJK/Info.plist;
				IPHONEOS_DEPLOYMENT_TARGET = 9.0;
				LD_RUNPATH_SEARCH_PATHS = "$(inherited) @executable_path/Frameworks";
				PRODUCT_BUNDLE_IDENTIFIER = cn.com.www.eagleholdings.PLMMPRJK;
				PRODUCT_NAME = "$(TARGET_NAME)";
			};
			name = Release;
		};
		E7D0E07D1E8B9DCB001E4585 /* Debug */ = {
			isa = XCBuildConfiguration;
			buildSettings = {
				BUNDLE_LOADER = "$(TEST_HOST)";
				DEVELOPMENT_TEAM = EH8D228RS6;
				INFOPLIST_FILE = PLMMPRJKTests/Info.plist;
				LD_RUNPATH_SEARCH_PATHS = "$(inherited) @executable_path/Frameworks @loader_path/Frameworks";
				PRODUCT_BUNDLE_IDENTIFIER = cn.com.www.eagleholdings.PLMMPRJKTests;
				PRODUCT_NAME = "$(TARGET_NAME)";
				TEST_HOST = "$(BUILT_PRODUCTS_DIR)/PLMMPRJK.app/PLMMPRJK";
			};
			name = Debug;
		};
		E7D0E07E1E8B9DCB001E4585 /* Release */ = {
			isa = XCBuildConfiguration;
			buildSettings = {
				BUNDLE_LOADER = "$(TEST_HOST)";
				DEVELOPMENT_TEAM = EH8D228RS6;
				INFOPLIST_FILE = PLMMPRJKTests/Info.plist;
				LD_RUNPATH_SEARCH_PATHS = "$(inherited) @executable_path/Frameworks @loader_path/Frameworks";
				PRODUCT_BUNDLE_IDENTIFIER = cn.com.www.eagleholdings.PLMMPRJKTests;
				PRODUCT_NAME = "$(TARGET_NAME)";
				TEST_HOST = "$(BUILT_PRODUCTS_DIR)/PLMMPRJK.app/PLMMPRJK";
			};
			name = Release;
		};
		E7D0E0801E8B9DCB001E4585 /* Debug */ = {
			isa = XCBuildConfiguration;
			buildSettings = {
				DEVELOPMENT_TEAM = EH8D228RS6;
				INFOPLIST_FILE = PLMMPRJKUITests/Info.plist;
				LD_RUNPATH_SEARCH_PATHS = "$(inherited) @executable_path/Frameworks @loader_path/Frameworks";
				PRODUCT_BUNDLE_IDENTIFIER = cn.com.www.eagleholdings.PLMMPRJKUITests;
				PRODUCT_NAME = "$(TARGET_NAME)";
				TEST_TARGET_NAME = PLMMPRJK;
			};
			name = Debug;
		};
		E7D0E0811E8B9DCB001E4585 /* Release */ = {
			isa = XCBuildConfiguration;
			buildSettings = {
				DEVELOPMENT_TEAM = EH8D228RS6;
				INFOPLIST_FILE = PLMMPRJKUITests/Info.plist;
				LD_RUNPATH_SEARCH_PATHS = "$(inherited) @executable_path/Frameworks @loader_path/Frameworks";
				PRODUCT_BUNDLE_IDENTIFIER = cn.com.www.eagleholdings.PLMMPRJKUITests;
				PRODUCT_NAME = "$(TARGET_NAME)";
				TEST_TARGET_NAME = PLMMPRJK;
			};
			name = Release;
		};
/* End XCBuildConfiguration section */

/* Begin XCConfigurationList section */
		E7D0E0441E8B9DCA001E4585 /* Build configuration list for PBXProject "PLMMPRJK" */ = {
			isa = XCConfigurationList;
			buildConfigurations = (
				E7D0E0771E8B9DCB001E4585 /* Debug */,
				E7D0E0781E8B9DCB001E4585 /* Release */,
			);
			defaultConfigurationIsVisible = 0;
			defaultConfigurationName = Release;
		};
		E7D0E0791E8B9DCB001E4585 /* Build configuration list for PBXNativeTarget "PLMMPRJK" */ = {
			isa = XCConfigurationList;
			buildConfigurations = (
				E7D0E07A1E8B9DCB001E4585 /* Debug */,
				E7D0E07B1E8B9DCB001E4585 /* Release */,
			);
			defaultConfigurationIsVisible = 0;
			defaultConfigurationName = Release;
		};
		E7D0E07C1E8B9DCB001E4585 /* Build configuration list for PBXNativeTarget "PLMMPRJKTests" */ = {
			isa = XCConfigurationList;
			buildConfigurations = (
				E7D0E07D1E8B9DCB001E4585 /* Debug */,
				E7D0E07E1E8B9DCB001E4585 /* Release */,
			);
			defaultConfigurationIsVisible = 0;
			defaultConfigurationName = Release;
		};
		E7D0E07F1E8B9DCB001E4585 /* Build configuration list for PBXNativeTarget "PLMMPRJKUITests" */ = {
			isa = XCConfigurationList;
			buildConfigurations = (
				E7D0E0801E8B9DCB001E4585 /* Debug */,
				E7D0E0811E8B9DCB001E4585 /* Release */,
			);
			defaultConfigurationIsVisible = 0;
			defaultConfigurationName = Release;
		};
/* End XCConfigurationList section */

/* Begin XCVersionGroup section */
		E7D0E0581E8B9DCB001E4585 /* PLMMPRJK.xcdatamodeld */ = {
			isa = XCVersionGroup;
			children = (
				E7D0E0591E8B9DCB001E4585 /* PLMMPRJK.xcdatamodel */,
			);
			currentVersion = E7D0E0591E8B9DCB001E4585 /* PLMMPRJK.xcdatamodel */;
			path = PLMMPRJK.xcdatamodeld;
			sourceTree = "<group>";
			versionGroupType = wrapper.xcdatamodel;
		};
/* End XCVersionGroup section */
	};
	rootObject = E7D0E0411E8B9DCA001E4585 /* Project object */;
}
